# This file is automatically @generated by Cargo.
# It is not intended for manual editing.
version = 3

[[package]]
name = "ggstd"
version = "0.1.0"
source = "registry+https://github.com/rust-lang/crates.io-index"
checksum = "8e924479d38dab35ad7dae658abe8429467c5ca109a72e50ce61e8e616fd6487"

[[package]]
name = "git-rcrypt"
version = "0.0.3"
dependencies = [
 "ggstd",
]
